
Microsoft Visual Studio Solution File, Format Version 12.00
# Visual Studio Version 16
VisualStudioVersion = 16.0.32106.194
MinimumVisualStudioVersion = 10.0.40219.1
Project("{FAE04EC0-301F-11D3-BF4B-00C04F79EFBC}") = "WpfCaliburnApp", "WpfCaliburnApp.csproj", "{98F42E72-A7CC-4014-8E03-74B9BE472CC3}"
EndProject
Global
	GlobalSection(SolutionConfigurationPlatforms) = preSolution
		Debug|Any CPU = Debug|Any CPU
		Release|Any CPU = Release|Any CPU
	EndGlobalSection
	GlobalSection(ProjectConfigurationPlatforms) = postSolution
		{98F42E72-A7CC-4014-8E03-74B9BE472CC3}.Debug|Any CPU.ActiveCfg = Debug|Any CPU
		{98F42E72-A7CC-4014-8E03-74B9BE472CC3}.Debug|Any CPU.Build.0 = Debug|Any CPU
		{98F42E72-A7CC-4014-8E03-74B9BE472CC3}.Release|Any CPU.ActiveCfg = Release|Any CPU
		{98F42E72-A7CC-4014-8E03-74B9BE472CC3}.Release|Any CPU.Build.0 = Release|Any CPU
	EndGlobalSection
	GlobalSection(SolutionProperties) = preSolution
		HideSolutionNode = FALSE
	EndGlobalSection
	GlobalSection(ExtensibilityGlobals) = postSolution
		SolutionGuid = {4DDFCC74-4A9E-4A06-96ED-91F4A8FBEF04}
	EndGlobalSection
EndGlobal
